FORGE
  remote: https://forgeapi.puppetlabs.com
  specs:
    puppetlabs-apt (1.6.0)
      puppetlabs-stdlib (>= 2.2.1)
    puppetlabs-nodejs (0.6.1)
      puppetlabs-apt (>= 0.0.3)
      puppetlabs-stdlib (>= 2.0.0)
    puppetlabs-stdlib (4.3.2)
    puppetlabs-vcsrepo (1.1.0)

GIT
  remote: https://github.com/kietsy/kietsy-tinc.git
  ref: master
  sha: 4d8cef88e0f359318bf46b35cea00f445306c5c6
  specs:
    kietsy-tinc (0.1.0)

DEPENDENCIES
  kietsy-tinc (>= 0)
  puppetlabs-nodejs (>= 0)
  puppetlabs-stdlib (>= 0)
  puppetlabs-vcsrepo (>= 0)

